# THIS IS AN AUTOGENERATED FILE. DO NOT EDIT THIS FILE DIRECTLY.
# yarn lockfile v1


commander@2:
  version "2.9.0"
  resolved "https://registry.yarnpkg.com/commander/-/commander-2.9.0.tgz#9c99094176e12240cb22d6c5146098400fe0f7d4"
  dependencies:
    graceful-readlink ">= 1.0.0"

d3-array@1, d3-array@1.0.2:
  version "1.0.2"
  resolved "https://registry.yarnpkg.com/d3-array/-/d3-array-1.0.2.tgz#174237bf356a852fadd6af87743d928631de7655"

d3-axis@1.0.4:
  version "1.0.4"
  resolved "https://registry.yarnpkg.com/d3-axis/-/d3-axis-1.0.4.tgz#bdfdcf5e859824062e0f17ad920f76236e72512c"

d3-brush@1.0.3:
  version "1.0.3"
  resolved "https://registry.yarnpkg.com/d3-brush/-/d3-brush-1.0.3.tgz#4fa5374cc3b755d0990bf76b71b7a66417751c74"
  dependencies:
    d3-dispatch "1"
    d3-drag "1"
    d3-interpolate "1"
    d3-selection "1"
    d3-transition "1"

d3-chord@1.0.3:
  version "1.0.3"
  resolved "https://registry.yarnpkg.com/d3-chord/-/d3-chord-1.0.3.tgz#a398bae7cb632a3c4ea687a555a6b9ee4609d990"
  dependencies:
    d3-array "1"
    d3-path "1"

d3-collection@1, d3-collection@1.0.2:
  version "1.0.2"
  resolved "https://registry.yarnpkg.com/d3-collection/-/d3-collection-1.0.2.tgz#df5acb5400443e9eabe9c1379896c67e52426b39"

d3-color@1, d3-color@1.0.2:
  version "1.0.2"
  resolved "https://registry.yarnpkg.com/d3-color/-/d3-color-1.0.2.tgz#83cb4b3a9474e40795f009d97e97a15649830bbc"

d3-dispatch@1, d3-dispatch@1.0.2:
  version "1.0.2"
  resolved "https://registry.yarnpkg.com/d3-dispatch/-/d3-dispatch-1.0.2.tgz#5b511e79a46a1f89492841c0a8f656687d5daa0a"

d3-drag@1, d3-drag@1.0.2:
  version "1.0.2"
  resolved "https://registry.yarnpkg.com/d3-drag/-/d3-drag-1.0.2.tgz#d634cc3f7689f99dd03fd7eb1af2945c0f4339ad"
  dependencies:
    d3-dispatch "1"
    d3-selection "1"

d3-dsv@1, d3-dsv@1.0.3:
  version "1.0.3"
  resolved "https://registry.yarnpkg.com/d3-dsv/-/d3-dsv-1.0.3.tgz#049fe43c0f5f60c7ff7d376616bc76d6fc9d378f"
  dependencies:
    commander "2"
    iconv-lite "0.4"
    rw "1"

d3-ease@1, d3-ease@1.0.2:
  version "1.0.2"
  resolved "https://registry.yarnpkg.com/d3-ease/-/d3-ease-1.0.2.tgz#b486f8f3ca308ca7be38197d65622b6e30983377"

d3-force@1.0.4:
  version "1.0.4"
  resolved "https://registry.yarnpkg.com/d3-force/-/d3-force-1.0.4.tgz#f84dcbb3200be41de7bc30fa71923143156758bf"
  dependencies:
    d3-collection "1"
    d3-dispatch "1"
    d3-quadtree "1"
    d3-timer "1"

d3-format@1, d3-format@1.0.2:
  version "1.0.2"
  resolved "https://registry.yarnpkg.com/d3-format/-/d3-format-1.0.2.tgz#138618320b4bbeb43b5c0ff30519079fbbd7375e"

d3-geo@1.4.0:
  version "1.4.0"
  resolved "https://registry.yarnpkg.com/d3-geo/-/d3-geo-1.4.0.tgz#15e58c414b5bafa1a960eeeb29059c94a60d8408"
  dependencies:
    d3-array "1"

d3-hierarchy@1.0.3:
  version "1.0.3"
  resolved "https://registry.yarnpkg.com/d3-hierarchy/-/d3-hierarchy-1.0.3.tgz#986b4925e81f1e0b4087e9442850f950cf27d338"

d3-interpolate@1, d3-interpolate@1.1.3:
  version "1.1.3"
  resolved "https://registry.yarnpkg.com/d3-interpolate/-/d3-interpolate-1.1.3.tgz#e119c91b6be4941e581675ca3e1279bb92bd2c9b"
  dependencies:
    d3-color "1"

d3-path@1, d3-path@1.0.3:
  version "1.0.3"
  resolved "https://registry.yarnpkg.com/d3-path/-/d3-path-1.0.3.tgz#60103d0dea9a6cd6ca58de86c6d56724002d3fde"

d3-polygon@1.0.2:
  version "1.0.2"
  resolved "https://registry.yarnpkg.com/d3-polygon/-/d3-polygon-1.0.2.tgz#6552c0fb03aa2d05023351da6e0e8adc4df0202b"

d3-quadtree@1, d3-quadtree@1.0.2:
  version "1.0.2"
  resolved "https://registry.yarnpkg.com/d3-quadtree/-/d3-quadtree-1.0.2.tgz#e7e873af06aaa427eaa4af094cc4cbfb350b9e38"

d3-queue@3.0.3:
  version "3.0.3"
  resolved "https://registry.yarnpkg.com/d3-queue/-/d3-queue-3.0.3.tgz#10ee4dd0574a1affaabfb931d0ba4f117926edc6"

d3-random@1.0.2:
  version "1.0.2"
  resolved "https://registry.yarnpkg.com/d3-random/-/d3-random-1.0.2.tgz#83ff6a391206209c30565299e43c6549866db269"

d3-request@1.0.3:
  version "1.0.3"
  resolved "https://registry.yarnpkg.com/d3-request/-/d3-request-1.0.3.tgz#63fc7dfd784607db0df5d535d7cb898fceba755a"
  dependencies:
    d3-collection "1"
    d3-dispatch "1"
    d3-dsv "1"
    xmlhttprequest "1"

d3-scale@1.0.4:
  version "1.0.4"
  resolved "https://registry.yarnpkg.com/d3-scale/-/d3-scale-1.0.4.tgz#50e28bf6a193b706745528515ed9b3d44205a033"
  dependencies:
    d3-array "1"
    d3-collection "1"
    d3-color "1"
    d3-format "1"
    d3-interpolate "1"
    d3-time "1"
    d3-time-format "2"

d3-selection@1, d3-selection@1.0.3:
  version "1.0.3"
  resolved "https://registry.yarnpkg.com/d3-selection/-/d3-selection-1.0.3.tgz#e63e51416172427854c1bcdfa066eb5fe872c108"

d3-shape@1.0.4:
  version "1.0.4"
  resolved "https://registry.yarnpkg.com/d3-shape/-/d3-shape-1.0.4.tgz#145ee100ccbec42f8e3f1996cd05c786f79fe1c6"
  dependencies:
    d3-path "1"

d3-time-format@2, d3-time-format@2.0.3:
  version "2.0.3"
  resolved "https://registry.yarnpkg.com/d3-time-format/-/d3-time-format-2.0.3.tgz#3241569b74ddc9c42e0689c0e8a903579fd6280a"
  dependencies:
    d3-time "1"

d3-time@1, d3-time@1.0.4:
  version "1.0.4"
  resolved "https://registry.yarnpkg.com/d3-time/-/d3-time-1.0.4.tgz#2ceba09a76b7450c992a1ded4e10fc6195e69649"

d3-timer@1, d3-timer@1.0.4:
  version "1.0.4"
  resolved "https://registry.yarnpkg.com/d3-timer/-/d3-timer-1.0.4.tgz#adaf7f60c7b54c99b2ffabd28c15a0c108a75321"

d3-transition@1, d3-transition@1.0.3:
  version "1.0.3"
  resolved "https://registry.yarnpkg.com/d3-transition/-/d3-transition-1.0.3.tgz#91dc986bddb30973639320a85db72ce4ab1a27bb"
  dependencies:
    d3-color "1"
    d3-dispatch "1"
    d3-ease "1"
    d3-interpolate "1"
    d3-selection "1"
    d3-timer "1"

d3-voronoi@1.1.1:
  version "1.1.1"
  resolved "https://registry.yarnpkg.com/d3-voronoi/-/d3-voronoi-1.1.1.tgz#998544dca98ef0e89a6c40c0bac3510d1bc1b8b9"

d3-zoom@1.1.1:
  version "1.1.1"
  resolved "https://registry.yarnpkg.com/d3-zoom/-/d3-zoom-1.1.1.tgz#d2362d8f7043c1fc5d96a438de69f4e02ef1e67b"
  dependencies:
    d3-dispatch "1"
    d3-drag "1"
    d3-interpolate "1"
    d3-selection "1"
    d3-transition "1"

d3@^4.2.2:
  version "4.4.4"
  resolved "https://registry.yarnpkg.com/d3/-/d3-4.4.4.tgz#15d4e455687bc7a8ff2eeb4b25354a6ba4f24f57"
  dependencies:
    d3-array "1.0.2"
    d3-axis "1.0.4"
    d3-brush "1.0.3"
    d3-chord "1.0.3"
    d3-collection "1.0.2"
    d3-color "1.0.2"
    d3-dispatch "1.0.2"
    d3-drag "1.0.2"
    d3-dsv "1.0.3"
    d3-ease "1.0.2"
    d3-force "1.0.4"
    d3-format "1.0.2"
    d3-geo "1.4.0"
    d3-hierarchy "1.0.3"
    d3-interpolate "1.1.3"
    d3-path "1.0.3"
    d3-polygon "1.0.2"
    d3-quadtree "1.0.2"
    d3-queue "3.0.3"
    d3-random "1.0.2"
    d3-request "1.0.3"
    d3-scale "1.0.4"
    d3-selection "1.0.3"
    d3-shape "1.0.4"
    d3-time "1.0.4"
    d3-time-format "2.0.3"
    d3-timer "1.0.4"
    d3-transition "1.0.3"
    d3-voronoi "1.1.1"
    d3-zoom "1.1.1"

"graceful-readlink@>= 1.0.0":
  version "1.0.1"
  resolved "https://registry.yarnpkg.com/graceful-readlink/-/graceful-readlink-1.0.1.tgz#4cafad76bc62f02fa039b2f94e9a3dd3a391a725"

iconv-lite@0.4:
  version "0.4.15"
  resolved "https://registry.yarnpkg.com/iconv-lite/-/iconv-lite-0.4.15.tgz#fe265a218ac6a57cfe854927e9d04c19825eddeb"

material-design-icons@^3.0.1:
  version "3.0.1"
  resolved "https://registry.yarnpkg.com/material-design-icons/-/material-design-icons-3.0.1.tgz#9a71c48747218ebca51e51a66da682038cdcb7bf"

rw@1:
  version "1.3.3"
  resolved "https://registry.yarnpkg.com/rw/-/rw-1.3.3.tgz#3f862dfa91ab766b14885ef4d01124bfda074fb4"

xmlhttprequest@1:
  version "1.8.0"
  resolved "https://registry.yarnpkg.com/xmlhttprequest/-/xmlhttprequest-1.8.0.tgz#67fe075c5c24fef39f9d65f5f7b7fe75171968fc"
